
Microsoft Visual Studio Solution File, Format Version 12.00
# Visual Studio Version 16
VisualStudioVersion = 16.0.31911.196
MinimumVisualStudioVersion = 10.0.40219.1
Project("{FAE04EC0-301F-11D3-BF4B-00C04F79EFBC}") = "MedGrupo", "MedGrupo\MedGrupo.csproj", "{366CF088-9AB5-43F8-B637-E4A4CD1EE267}"
EndProject
Global
	GlobalSection(SolutionConfigurationPlatforms) = preSolution
		Debug|Any CPU = Debug|Any CPU
		Release|Any CPU = Release|Any CPU
	EndGlobalSection
	GlobalSection(ProjectConfigurationPlatforms) = postSolution
		{366CF088-9AB5-43F8-B637-E4A4CD1EE267}.Debug|Any CPU.ActiveCfg = Debug|Any CPU
		{366CF088-9AB5-43F8-B637-E4A4CD1EE267}.Debug|Any CPU.Build.0 = Debug|Any CPU
		{366CF088-9AB5-43F8-B637-E4A4CD1EE267}.Release|Any CPU.ActiveCfg = Release|Any CPU
		{366CF088-9AB5-43F8-B637-E4A4CD1EE267}.Release|Any CPU.Build.0 = Release|Any CPU
	EndGlobalSection
	GlobalSection(SolutionProperties) = preSolution
		HideSolutionNode = FALSE
	EndGlobalSection
	GlobalSection(ExtensibilityGlobals) = postSolution
		SolutionGuid = {83EBDF4B-DDC4-43DA-89F6-ACAA1C327AFF}
	EndGlobalSection
EndGlobal
